// !$*UTF8*$!
{
	archiveVersion = 1;
	classes = {
	};
	objectVersion = 55;
	objects = {

/* Begin PBXBuildFile section */
		033CB17927FD7C9A00B01E0D /* AppDelegate.swift in Sources */ = {isa = PBXBuildFile; fileRef = 033CB17827FD7C9A00B01E0D /* AppDelegate.swift */; };
		033CB17D27FD7C9A00B01E0D /* LoginViewController.swift in Sources */ = {isa = PBXBuildFile; fileRef = 033CB17C27FD7C9A00B01E0D /* LoginViewController.swift */; };
		033CB18227FD7C9C00B01E0D /* Assets.xcassets in Resources */ = {isa = PBXBuildFile; fileRef = 033CB18127FD7C9C00B01E0D /* Assets.xcassets */; };
		033CB18527FD7C9C00B01E0D /* LaunchScreen.storyboard in Resources */ = {isa = PBXBuildFile; fileRef = 033CB18327FD7C9C00B01E0D /* LaunchScreen.storyboard */; };
		033CB18F27FD7FE300B01E0D /* LoginView.swift in Sources */ = {isa = PBXBuildFile; fileRef = 033CB18E27FD7FE300B01E0D /* LoginView.swift */; };
		033CB19227FFC83500B01E0D /* OnboardingContainerViewController.swift in Sources */ = {isa = PBXBuildFile; fileRef = 033CB19127FFC83500B01E0D /* OnboardingContainerViewController.swift */; };
		033CB19427FFD55B00B01E0D /* OnboardingViewController.swift in Sources */ = {isa = PBXBuildFile; fileRef = 033CB19327FFD55B00B01E0D /* OnboardingViewController.swift */; };
		03BCE37F28014C87003B164C /* DummyViewController.swift in Sources */ = {isa = PBXBuildFile; fileRef = 03BCE37E28014C87003B164C /* DummyViewController.swift */; };
		03BCE382280156D5003B164C /* LocalState.swift in Sources */ = {isa = PBXBuildFile; fileRef = 03BCE381280156D5003B164C /* LocalState.swift */; };
		03BCE38528016A0B003B164C /* UIViewController+Utils.swift in Sources */ = {isa = PBXBuildFile; fileRef = 03BCE38428016A0B003B164C /* UIViewController+Utils.swift */; };
		03BCE38728016B43003B164C /* MainViewController.swift in Sources */ = {isa = PBXBuildFile; fileRef = 03BCE38628016B43003B164C /* MainViewController.swift */; };
		03BCE3892801B0D2003B164C /* AccountSummaryViewController.swift in Sources */ = {isa = PBXBuildFile; fileRef = 03BCE3882801B0D2003B164C /* AccountSummaryViewController.swift */; };
		03BCE38B2801B6CC003B164C /* AccountSummaryHeaderView.swift in Sources */ = {isa = PBXBuildFile; fileRef = 03BCE38A2801B6CC003B164C /* AccountSummaryHeaderView.swift */; };
		03BCE38D2801B703003B164C /* AccountSummaryHeaderView.xib in Resources */ = {isa = PBXBuildFile; fileRef = 03BCE38C2801B703003B164C /* AccountSummaryHeaderView.xib */; };
		03BCE3912801D183003B164C /* AccountSummaryCell.swift in Sources */ = {isa = PBXBuildFile; fileRef = 03BCE3902801D183003B164C /* AccountSummaryCell.swift */; };
		03BCE3932801EFCF003B164C /* Decimal+Utils.swift in Sources */ = {isa = PBXBuildFile; fileRef = 03BCE3922801EFCF003B164C /* Decimal+Utils.swift */; };
		03BCE3952801F03F003B164C /* CurrencyFormatter.swift in Sources */ = {isa = PBXBuildFile; fileRef = 03BCE3942801F03F003B164C /* CurrencyFormatter.swift */; };
		03BCE3A428027636003B164C /* CurrencyFormatterTest.swift in Sources */ = {isa = PBXBuildFile; fileRef = 03BCE3A328027636003B164C /* CurrencyFormatterTest.swift */; };
		03BCE3A628028CA0003B164C /* NotificationName.swift in Sources */ = {isa = PBXBuildFile; fileRef = 03BCE3A528028CA0003B164C /* NotificationName.swift */; };
		03BCE3A828028FCC003B164C /* UITextField+SecureToggle.swift in Sources */ = {isa = PBXBuildFile; fileRef = 03BCE3A728028FCC003B164C /* UITextField+SecureToggle.swift */; };
		03BCE3AB2802B94A003B164C /* ShakeyBellView.swift in Sources */ = {isa = PBXBuildFile; fileRef = 03BCE3AA2802B94A003B164C /* ShakeyBellView.swift */; };
/* End PBXBuildFile section */

/* Begin PBXContainerItemProxy section */
		03BCE39E2802759D003B164C /* PBXContainerItemProxy */ = {
			isa = PBXContainerItemProxy;
			containerPortal = 033CB16D27FD7C9900B01E0D /* Project object */;
			proxyType = 1;
			remoteGlobalIDString = 033CB17427FD7C9900B01E0D;
			remoteInfo = Banky;
		};
/* End PBXContainerItemProxy section */

/* Begin PBXFileReference section */
		033CB17527FD7C9900B01E0D /* Banky.app */ = {isa = PBXFileReference; explicitFileType = wrapper.application; includeInIndex = 0; path = Banky.app; sourceTree = BUILT_PRODUCTS_DIR; };
		033CB17827FD7C9A00B01E0D /* AppDelegate.swift */ = {isa = PBXFileReference; lastKnownFileType = sourcecode.swift; path = AppDelegate.swift; sourceTree = "<group>"; };
		033CB17C27FD7C9A00B01E0D /* LoginViewController.swift */ = {isa = PBXFileReference; lastKnownFileType = sourcecode.swift; path = LoginViewController.swift; sourceTree = "<group>"; };
		033CB18127FD7C9C00B01E0D /* Assets.xcassets */ = {isa = PBXFileReference; lastKnownFileType = folder.assetcatalog; path = Assets.xcassets; sourceTree = "<group>"; };
		033CB18427FD7C9C00B01E0D /* Base */ = {isa = PBXFileReference; lastKnownFileType = file.storyboard; name = Base; path = Base.lproj/LaunchScreen.storyboard; sourceTree = "<group>"; };
		033CB18627FD7C9C00B01E0D /* Info.plist */ = {isa = PBXFileReference; lastKnownFileType = text.plist.xml; path = Info.plist; sourceTree = "<group>"; };
		033CB18E27FD7FE300B01E0D /* LoginView.swift */ = {isa = PBXFileReference; lastKnownFileType = sourcecode.swift; path = LoginView.swift; sourceTree = "<group>"; };
		033CB19127FFC83500B01E0D /* OnboardingContainerViewController.swift */ = {isa = PBXFileReference; lastKnownFileType = sourcecode.swift; path = OnboardingContainerViewController.swift; sourceTree = "<group>"; };
		033CB19327FFD55B00B01E0D /* OnboardingViewController.swift */ = {isa = PBXFileReference; lastKnownFileType = sourcecode.swift; path = OnboardingViewController.swift; sourceTree = "<group>"; };
		03BCE37E28014C87003B164C /* DummyViewController.swift */ = {isa = PBXFileReference; lastKnownFileType = sourcecode.swift; path = DummyViewController.swift; sourceTree = "<group>"; };
		03BCE381280156D5003B164C /* LocalState.swift */ = {isa = PBXFileReference; lastKnownFileType = sourcecode.swift; path = LocalState.swift; sourceTree = "<group>"; };
		03BCE38428016A0B003B164C /* UIViewController+Utils.swift */ = {isa = PBXFileReference; lastKnownFileType = sourcecode.swift; path = "UIViewController+Utils.swift"; sourceTree = "<group>"; };
		03BCE38628016B43003B164C /* MainViewController.swift */ = {isa = PBXFileReference; lastKnownFileType = sourcecode.swift; path = MainViewController.swift; sourceTree = "<group>"; };
		03BCE3882801B0D2003B164C /* AccountSummaryViewController.swift */ = {isa = PBXFileReference; lastKnownFileType = sourcecode.swift; path = AccountSummaryViewController.swift; sourceTree = "<group>"; };
		03BCE38A2801B6CC003B164C /* AccountSummaryHeaderView.swift */ = {isa = PBXFileReference; lastKnownFileType = sourcecode.swift; path = AccountSummaryHeaderView.swift; sourceTree = "<group>"; };
		03BCE38C2801B703003B164C /* AccountSummaryHeaderView.xib */ = {isa = PBXFileReference; lastKnownFileType = file.xib; path = AccountSummaryHeaderView.xib; sourceTree = "<group>"; };
		03BCE3902801D183003B164C /* AccountSummaryCell.swift */ = {isa = PBXFileReference; lastKnownFileType = sourcecode.swift; path = AccountSummaryCell.swift; sourceTree = "<group>"; };
		03BCE3922801EFCF003B164C /* Decimal+Utils.swift */ = {isa = PBXFileReference; lastKnownFileType = sourcecode.swift; path = "Decimal+Utils.swift"; sourceTree = "<group>"; };
		03BCE3942801F03F003B164C /* CurrencyFormatter.swift */ = {isa = PBXFileReference; lastKnownFileType = sourcecode.swift; path = CurrencyFormatter.swift; sourceTree = "<group>"; };
		03BCE39A2802759D003B164C /* BankyUnitTests.xctest */ = {isa = PBXFileReference; explicitFileType = wrapper.cfbundle; includeInIndex = 0; path = BankyUnitTests.xctest; sourceTree = BUILT_PRODUCTS_DIR; };
		03BCE3A328027636003B164C /* CurrencyFormatterTest.swift */ = {isa = PBXFileReference; lastKnownFileType = sourcecode.swift; path = CurrencyFormatterTest.swift; sourceTree = "<group>"; };
		03BCE3A528028CA0003B164C /* NotificationName.swift */ = {isa = PBXFileReference; lastKnownFileType = sourcecode.swift; path = NotificationName.swift; sourceTree = "<group>"; };
		03BCE3A728028FCC003B164C /* UITextField+SecureToggle.swift */ = {isa = PBXFileReference; lastKnownFileType = sourcecode.swift; path = "UITextField+SecureToggle.swift"; sourceTree = "<group>"; };
		03BCE3AA2802B94A003B164C /* ShakeyBellView.swift */ = {isa = PBXFileReference; lastKnownFileType = sourcecode.swift; path = ShakeyBellView.swift; sourceTree = "<group>"; };
/* End PBXFileReference section */

/* Begin PBXFrameworksBuildPhase section */
		033CB17227FD7C9900B01E0D /* Frameworks */ = {
			isa = PBXFrameworksBuildPhase;
			buildActionMask = 2147483647;
			files = (
			);
			runOnlyForDeploymentPostprocessing = 0;
		};
		03BCE3972802759D003B164C /* Frameworks */ = {
			isa = PBXFrameworksBuildPhase;
			buildActionMask = 2147483647;
			files = (
			);
			runOnlyForDeploymentPostprocessing = 0;
		};
/* End PBXFrameworksBuildPhase section */

/* Begin PBXGroup section */
		033CB16C27FD7C9900B01E0D = {
			isa = PBXGroup;
			children = (
				033CB17727FD7C9900B01E0D /* Banky */,
				03BCE39B2802759D003B164C /* BankyUnitTests */,
				033CB17627FD7C9900B01E0D /* Products */,
			);
			sourceTree = "<group>";
		};
		033CB17627FD7C9900B01E0D /* Products */ = {
			isa = PBXGroup;
			children = (
				033CB17527FD7C9900B01E0D /* Banky.app */,
				03BCE39A2802759D003B164C /* BankyUnitTests.xctest */,
			);
			name = Products;
			sourceTree = "<group>";
		};
		033CB17727FD7C9900B01E0D /* Banky */ = {
			isa = PBXGroup;
			children = (
				03BCE3A92802B935003B164C /* Components */,
				03BCE383280169C3003B164C /* AccountSummary */,
				03BCE380280156C2003B164C /* Utils */,
				033CB19027FFC80700B01E0D /* Onboarding */,
				033CB18C27FD7F7000B01E0D /* Files */,
				033CB18D27FD7FAF00B01E0D /* Login */,
				033CB17827FD7C9A00B01E0D /* AppDelegate.swift */,
				03BCE38628016B43003B164C /* MainViewController.swift */,
			);
			path = Banky;
			sourceTree = "<group>";
		};
		033CB18C27FD7F7000B01E0D /* Files */ = {
			isa = PBXGroup;
			children = (
				033CB18127FD7C9C00B01E0D /* Assets.xcassets */,
				033CB18327FD7C9C00B01E0D /* LaunchScreen.storyboard */,
				033CB18627FD7C9C00B01E0D /* Info.plist */,
			);
			name = Files;
			sourceTree = "<group>";
		};
		033CB18D27FD7FAF00B01E0D /* Login */ = {
			isa = PBXGroup;
			children = (
				033CB17C27FD7C9A00B01E0D /* LoginViewController.swift */,
				033CB18E27FD7FE300B01E0D /* LoginView.swift */,
				03BCE37E28014C87003B164C /* DummyViewController.swift */,
			);
			name = Login;
			sourceTree = "<group>";
		};
		033CB19027FFC80700B01E0D /* Onboarding */ = {
			isa = PBXGroup;
			children = (
				033CB19127FFC83500B01E0D /* OnboardingContainerViewController.swift */,
				033CB19327FFD55B00B01E0D /* OnboardingViewController.swift */,
			);
			name = Onboarding;
			sourceTree = "<group>";
		};
		03BCE380280156C2003B164C /* Utils */ = {
			isa = PBXGroup;
			children = (
				03BCE381280156D5003B164C /* LocalState.swift */,
				03BCE38428016A0B003B164C /* UIViewController+Utils.swift */,
				03BCE3922801EFCF003B164C /* Decimal+Utils.swift */,
				03BCE3942801F03F003B164C /* CurrencyFormatter.swift */,
				03BCE3A528028CA0003B164C /* NotificationName.swift */,
				03BCE3A728028FCC003B164C /* UITextField+SecureToggle.swift */,
			);
			name = Utils;
			sourceTree = "<group>";
		};
		03BCE383280169C3003B164C /* AccountSummary */ = {
			isa = PBXGroup;
			children = (
				03BCE3882801B0D2003B164C /* AccountSummaryViewController.swift */,
				03BCE38E2801D149003B164C /* Header */,
				03BCE38F2801D15E003B164C /* Cells */,
			);
			name = AccountSummary;
			sourceTree = "<group>";
		};
		03BCE38E2801D149003B164C /* Header */ = {
			isa = PBXGroup;
			children = (
				03BCE38A2801B6CC003B164C /* AccountSummaryHeaderView.swift */,
				03BCE38C2801B703003B164C /* AccountSummaryHeaderView.xib */,
			);
			name = Header;
			sourceTree = "<group>";
		};
		03BCE38F2801D15E003B164C /* Cells */ = {
			isa = PBXGroup;
			children = (
				03BCE3902801D183003B164C /* AccountSummaryCell.swift */,
			);
			name = Cells;
			sourceTree = "<group>";
		};
		03BCE39B2802759D003B164C /* BankyUnitTests */ = {
			isa = PBXGroup;
			children = (
				03BCE3A328027636003B164C /* CurrencyFormatterTest.swift */,
			);
			path = BankyUnitTests;
			sourceTree = "<group>";
		};
		03BCE3A92802B935003B164C /* Components */ = {
			isa = PBXGroup;
			children = (
				03BCE3AA2802B94A003B164C /* ShakeyBellView.swift */,
			);
			name = Components;
			sourceTree = "<group>";
		};
/* End PBXGroup section */

/* Begin PBXNativeTarget section */
		033CB17427FD7C9900B01E0D /* Banky */ = {
			isa = PBXNativeTarget;
			buildConfigurationList = 033CB18927FD7C9C00B01E0D /* Build configuration list for PBXNativeTarget "Banky" */;
			buildPhases = (
				033CB17127FD7C9900B01E0D /* Sources */,
				033CB17227FD7C9900B01E0D /* Frameworks */,
				033CB17327FD7C9900B01E0D /* Resources */,
			);
			buildRules = (
			);
			dependencies = (
			);
			name = Banky;
			productName = Banky;
			productReference = 033CB17527FD7C9900B01E0D /* Banky.app */;
			productType = "com.apple.product-type.application";
		};
		03BCE3992802759D003B164C /* BankyUnitTests */ = {
			isa = PBXNativeTarget;
			buildConfigurationList = 03BCE3A02802759D003B164C /* Build configuration list for PBXNativeTarget "BankyUnitTests" */;
			buildPhases = (
				03BCE3962802759D003B164C /* Sources */,
				03BCE3972802759D003B164C /* Frameworks */,
				03BCE3982802759D003B164C /* Resources */,
			);
			buildRules = (
			);
			dependencies = (
				03BCE39F2802759D003B164C /* PBXTargetDependency */,
			);
			name = BankyUnitTests;
			productName = BankyUnitTests;
			productReference = 03BCE39A2802759D003B164C /* BankyUnitTests.xctest */;
			productType = "com.apple.product-type.bundle.unit-test";
		};
/* End PBXNativeTarget section */

/* Begin PBXProject section */
		033CB16D27FD7C9900B01E0D /* Project object */ = {
			isa = PBXProject;
			attributes = {
				BuildIndependentTargetsInParallel = 1;
				LastSwiftUpdateCheck = 1320;
				LastUpgradeCheck = 1320;
				TargetAttributes = {
					033CB17427FD7C9900B01E0D = {
						CreatedOnToolsVersion = 13.2.1;
					};
					03BCE3992802759D003B164C = {
						CreatedOnToolsVersion = 13.2.1;
						LastSwiftMigration = 1320;
						TestTargetID = 033CB17427FD7C9900B01E0D;
					};
				};
			};
			buildConfigurationList = 033CB17027FD7C9900B01E0D /* Build configuration list for PBXProject "Banky" */;
			compatibilityVersion = "Xcode 13.0";
			developmentRegion = en;
			hasScannedForEncodings = 0;
			knownRegions = (
				en,
				Base,
			);
			mainGroup = 033CB16C27FD7C9900B01E0D;
			productRefGroup = 033CB17627FD7C9900B01E0D /* Products */;
			projectDirPath = "";
			projectRoot = "";
			targets = (
				033CB17427FD7C9900B01E0D /* Banky */,
				03BCE3992802759D003B164C /* BankyUnitTests */,
			);
		};
/* End PBXProject section */

/* Begin PBXResourcesBuildPhase section */
		033CB17327FD7C9900B01E0D /* Resources */ = {
			isa = PBXResourcesBuildPhase;
			buildActionMask = 2147483647;
			files = (
				03BCE38D2801B703003B164C /* AccountSummaryHeaderView.xib in Resources */,
				033CB18527FD7C9C00B01E0D /* LaunchScreen.storyboard in Resources */,
				033CB18227FD7C9C00B01E0D /* Assets.xcassets in Resources */,
			);
			runOnlyForDeploymentPostprocessing = 0;
		};
		03BCE3982802759D003B164C /* Resources */ = {
			isa = PBXResourcesBuildPhase;
			buildActionMask = 2147483647;
			files = (
			);
			runOnlyForDeploymentPostprocessing = 0;
		};
/* End PBXResourcesBuildPhase section */

/* Begin PBXSourcesBuildPhase section */
		033CB17127FD7C9900B01E0D /* Sources */ = {
			isa = PBXSourcesBuildPhase;
			buildActionMask = 2147483647;
			files = (
				03BCE38528016A0B003B164C /* UIViewController+Utils.swift in Sources */,
				033CB18F27FD7FE300B01E0D /* LoginView.swift in Sources */,
				03BCE382280156D5003B164C /* LocalState.swift in Sources */,
				03BCE38B2801B6CC003B164C /* AccountSummaryHeaderView.swift in Sources */,
				03BCE3A828028FCC003B164C /* UITextField+SecureToggle.swift in Sources */,
				03BCE37F28014C87003B164C /* DummyViewController.swift in Sources */,
				03BCE3952801F03F003B164C /* CurrencyFormatter.swift in Sources */,
				03BCE3932801EFCF003B164C /* Decimal+Utils.swift in Sources */,
				033CB17D27FD7C9A00B01E0D /* LoginViewController.swift in Sources */,
				03BCE3912801D183003B164C /* AccountSummaryCell.swift in Sources */,
				03BCE3AB2802B94A003B164C /* ShakeyBellView.swift in Sources */,
				033CB19427FFD55B00B01E0D /* OnboardingViewController.swift in Sources */,
				03BCE3A628028CA0003B164C /* NotificationName.swift in Sources */,
				03BCE38728016B43003B164C /* MainViewController.swift in Sources */,
				03BCE3892801B0D2003B164C /* AccountSummaryViewController.swift in Sources */,
				033CB17927FD7C9A00B01E0D /* AppDelegate.swift in Sources */,
				033CB19227FFC83500B01E0D /* OnboardingContainerViewController.swift in Sources */,
			);
			runOnlyForDeploymentPostprocessing = 0;
		};
		03BCE3962802759D003B164C /* Sources */ = {
			isa = PBXSourcesBuildPhase;
			buildActionMask = 2147483647;
			files = (
				03BCE3A428027636003B164C /* CurrencyFormatterTest.swift in Sources */,
			);
			runOnlyForDeploymentPostprocessing = 0;
		};
/* End PBXSourcesBuildPhase section */

/* Begin PBXTargetDependency section */
		03BCE39F2802759D003B164C /* PBXTargetDependency */ = {
			isa = PBXTargetDependency;
			target = 033CB17427FD7C9900B01E0D /* Banky */;
			targetProxy = 03BCE39E2802759D003B164C /* PBXContainerItemProxy */;
		};
/* End PBXTargetDependency section */

/* Begin PBXVariantGroup section */
		033CB18327FD7C9C00B01E0D /* LaunchScreen.storyboard */ = {
			isa = PBXVariantGroup;
			children = (
				033CB18427FD7C9C00B01E0D /* Base */,
			);
			name = LaunchScreen.storyboard;
			sourceTree = "<group>";
		};
/* End PBXVariantGroup section */

/* Begin XCBuildConfiguration section */
		033CB18727FD7C9C00B01E0D /* Debug */ = {
			isa = XCBuildConfiguration;
			buildSettings = {
				ALWAYS_SEARCH_USER_PATHS = NO;
				CLANG_ANALYZER_NONNULL = YES;
				CLANG_ANALYZER_NUMBER_OBJECT_CONVERSION = YES_AGGRESSIVE;
				CLANG_CXX_LANGUAGE_STANDARD = "gnu++17";
				CLANG_CXX_LIBRARY = "libc++";
				CLANG_ENABLE_MODULES = YES;
				CLANG_ENABLE_OBJC_ARC = YES;
				CLANG_ENABLE_OBJC_WEAK = YES;
				CLANG_WARN_BLOCK_CAPTURE_AUTORELEASING = YES;
				CLANG_WARN_BOOL_CONVERSION = YES;
				CLANG_WARN_COMMA = YES;
				CLANG_WARN_CONSTANT_CONVERSION = YES;
				CLANG_WARN_DEPRECATED_OBJC_IMPLEMENTATIONS = YES;
				CLANG_WARN_DIRECT_OBJC_ISA_USAGE = YES_ERROR;
				CLANG_WARN_DOCUMENTATION_COMMENTS = YES;
				CLANG_WARN_EMPTY_BODY = YES;
				CLANG_WARN_ENUM_CONVERSION = YES;
				CLANG_WARN_INFINITE_RECURSION = YES;
				CLANG_WARN_INT_CONVERSION = YES;
				CLANG_WARN_NON_LITERAL_NULL_CONVERSION = YES;
				CLANG_WARN_OBJC_IMPLICIT_RETAIN_SELF = YES;
				CLANG_WARN_OBJC_LITERAL_CONVERSION = YES;
				CLANG_WARN_OBJC_ROOT_CLASS = YES_ERROR;
				CLANG_WARN_QUOTED_INCLUDE_IN_FRAMEWORK_HEADER = YES;
				CLANG_WARN_RANGE_LOOP_ANALYSIS = YES;
				CLANG_WARN_STRICT_PROTOTYPES = YES;
				CLANG_WARN_SUSPICIOUS_MOVE = YES;
				CLANG_WARN_UNGUARDED_AVAILABILITY = YES_AGGRESSIVE;
				CLANG_WARN_UNREACHABLE_CODE = YES;
				CLANG_WARN__DUPLICATE_METHOD_MATCH = YES;
				COPY_PHASE_STRIP = NO;
				DEBUG_INFORMATION_FORMAT = dwarf;
				ENABLE_STRICT_OBJC_MSGSEND = YES;
				ENABLE_TESTABILITY = YES;
				GCC_C_LANGUAGE_STANDARD = gnu11;
				GCC_DYNAMIC_NO_PIC = NO;
				GCC_NO_COMMON_BLOCKS = YES;
				GCC_OPTIMIZATION_LEVEL = 0;
				GCC_PREPROCESSOR_DEFINITIONS = (
					"DEBUG=1",
					"$(inherited)",
				);
				GCC_WARN_64_TO_32_BIT_CONVERSION = YES;
				GCC_WARN_ABOUT_RETURN_TYPE = YES_ERROR;
				GCC_WARN_UNDECLARED_SELECTOR = YES;
				GCC_WARN_UNINITIALIZED_AUTOS = YES_AGGRESSIVE;
				GCC_WARN_UNUSED_FUNCTION = YES;
				GCC_WARN_UNUSED_VARIABLE = YES;
				IPHONEOS_DEPLOYMENT_TARGET = 15.2;
				MTL_ENABLE_DEBUG_INFO = INCLUDE_SOURCE;
				MTL_FAST_MATH = YES;
				ONLY_ACTIVE_ARCH = YES;
				SDKROOT = iphoneos;
				SWIFT_ACTIVE_COMPILATION_CONDITIONS = DEBUG;
				SWIFT_OPTIMIZATION_LEVEL = "-Onone";
			};
			name = Debug;
		};
		033CB18827FD7C9C00B01E0D /* Release */ = {
			isa = XCBuildConfiguration;
			buildSettings = {
				ALWAYS_SEARCH_USER_PATHS = NO;
				CLANG_ANALYZER_NONNULL = YES;
				CLANG_ANALYZER_NUMBER_OBJECT_CONVERSION = YES_AGGRESSIVE;
				CLANG_CXX_LANGUAGE_STANDARD = "gnu++17";
				CLANG_CXX_LIBRARY = "libc++";
				CLANG_ENABLE_MODULES = YES;
				CLANG_ENABLE_OBJC_ARC = YES;
				CLANG_ENABLE_OBJC_WEAK = YES;
				CLANG_WARN_BLOCK_CAPTURE_AUTORELEASING = YES;
				CLANG_WARN_BOOL_CONVERSION = YES;
				CLANG_WARN_COMMA = YES;
				CLANG_WARN_CONSTANT_CONVERSION = YES;
				CLANG_WARN_DEPRECATED_OBJC_IMPLEMENTATIONS = YES;
				CLANG_WARN_DIRECT_OBJC_ISA_USAGE = YES_ERROR;
				CLANG_WARN_DOCUMENTATION_COMMENTS = YES;
				CLANG_WARN_EMPTY_BODY = YES;
				CLANG_WARN_ENUM_CONVERSION = YES;
				CLANG_WARN_INFINITE_RECURSION = YES;
				CLANG_WARN_INT_CONVERSION = YES;
				CLANG_WARN_NON_LITERAL_NULL_CONVERSION = YES;
				CLANG_WARN_OBJC_IMPLICIT_RETAIN_SELF = YES;
				CLANG_WARN_OBJC_LITERAL_CONVERSION = YES;
				CLANG_WARN_OBJC_ROOT_CLASS = YES_ERROR;
				CLANG_WARN_QUOTED_INCLUDE_IN_FRAMEWORK_HEADER = YES;
				CLANG_WARN_RANGE_LOOP_ANALYSIS = YES;
				CLANG_WARN_STRICT_PROTOTYPES = YES;
				CLANG_WARN_SUSPICIOUS_MOVE = YES;
				CLANG_WARN_UNGUARDED_AVAILABILITY = YES_AGGRESSIVE;
				CLANG_WARN_UNREACHABLE_CODE = YES;
				CLANG_WARN__DUPLICATE_METHOD_MATCH = YES;
				COPY_PHASE_STRIP = NO;
				DEBUG_INFORMATION_FORMAT = "dwarf-with-dsym";
				ENABLE_NS_ASSERTIONS = NO;
				ENABLE_STRICT_OBJC_MSGSEND = YES;
				GCC_C_LANGUAGE_STANDARD = gnu11;
				GCC_NO_COMMON_BLOCKS = YES;
				GCC_WARN_64_TO_32_BIT_CONVERSION = YES;
				GCC_WARN_ABOUT_RETURN_TYPE = YES_ERROR;
				GCC_WARN_UNDECLARED_SELECTOR = YES;
				GCC_WARN_UNINITIALIZED_AUTOS = YES_AGGRESSIVE;
				GCC_WARN_UNUSED_FUNCTION = YES;
				GCC_WARN_UNUSED_VARIABLE = YES;
				IPHONEOS_DEPLOYMENT_TARGET = 15.2;
				MTL_ENABLE_DEBUG_INFO = NO;
				MTL_FAST_MATH = YES;
				SDKROOT = iphoneos;
				SWIFT_COMPILATION_MODE = wholemodule;
				SWIFT_OPTIMIZATION_LEVEL = "-O";
				VALIDATE_PRODUCT = YES;
			};
			name = Release;
		};
		033CB18A27FD7C9C00B01E0D /* Debug */ = {
			isa = XCBuildConfiguration;
			buildSettings = {
				ASSETCATALOG_COMPILER_APPICON_NAME = AppIcon;
				ASSETCATALOG_COMPILER_GLOBAL_ACCENT_COLOR_NAME = AccentColor;
				CODE_SIGN_STYLE = Automatic;
				CURRENT_PROJECT_VERSION = 1;
				DEVELOPMENT_TEAM = 662XRALPM5;
				GENERATE_INFOPLIST_FILE = YES;
				INFOPLIST_FILE = Banky/Info.plist;
				INFOPLIST_KEY_UIApplicationSupportsIndirectInputEvents = YES;
				INFOPLIST_KEY_UILaunchStoryboardName = LaunchScreen;
				INFOPLIST_KEY_UISupportedInterfaceOrientations_iPad = "UIInterfaceOrientationPortrait UIInterfaceOrientationPortraitUpsideDown UIInterfaceOrientationLandscapeLeft UIInterfaceOrientationLandscapeRight";
				INFOPLIST_KEY_UISupportedInterfaceOrientations_iPhone = "UIInterfaceOrientationPortrait UIInterfaceOrientationLandscapeLeft UIInterfaceOrientationLandscapeRight";
				LD_RUNPATH_SEARCH_PATHS = (
					"$(inherited)",
					"@executable_path/Frameworks",
				);
				MARKETING_VERSION = 1.0;
				PRODUCT_BUNDLE_IDENTIFIER = com.dane.Banky;
				PRODUCT_NAME = "$(TARGET_NAME)";
				SWIFT_EMIT_LOC_STRINGS = YES;
				SWIFT_VERSION = 5.0;
				TARGETED_DEVICE_FAMILY = 1;
			};
			name = Debug;
		};
		033CB18B27FD7C9C00B01E0D /* Release */ = {
			isa = XCBuildConfiguration;
			buildSettings = {
				ASSETCATALOG_COMPILER_APPICON_NAME = AppIcon;
				ASSETCATALOG_COMPILER_GLOBAL_ACCENT_COLOR_NAME = AccentColor;
				CODE_SIGN_STYLE = Automatic;
				CURRENT_PROJECT_VERSION = 1;
				DEVELOPMENT_TEAM = 662XRALPM5;
				GENERATE_INFOPLIST_FILE = YES;
				INFOPLIST_FILE = Banky/Info.plist;
				INFOPLIST_KEY_UIApplicationSupportsIndirectInputEvents = YES;
				INFOPLIST_KEY_UILaunchStoryboardName = LaunchScreen;
				INFOPLIST_KEY_UISupportedInterfaceOrientations_iPad = "UIInterfaceOrientationPortrait UIInterfaceOrientationPortraitUpsideDown UIInterfaceOrientationLandscapeLeft UIInterfaceOrientationLandscapeRight";
				INFOPLIST_KEY_UISupportedInterfaceOrientations_iPhone = "UIInterfaceOrientationPortrait UIInterfaceOrientationLandscapeLeft UIInterfaceOrientationLandscapeRight";
				LD_RUNPATH_SEARCH_PATHS = (
					"$(inherited)",
					"@executable_path/Frameworks",
				);
				MARKETING_VERSION = 1.0;
				PRODUCT_BUNDLE_IDENTIFIER = com.dane.Banky;
				PRODUCT_NAME = "$(TARGET_NAME)";
				SWIFT_EMIT_LOC_STRINGS = YES;
				SWIFT_VERSION = 5.0;
				TARGETED_DEVICE_FAMILY = 1;
			};
			name = Release;
		};
		03BCE3A12802759D003B164C /* Debug */ = {
			isa = XCBuildConfiguration;
			buildSettings = {
				BUNDLE_LOADER = "$(TEST_HOST)";
				CLANG_ENABLE_MODULES = YES;
				CODE_SIGN_STYLE = Automatic;
				CURRENT_PROJECT_VERSION = 1;
				DEVELOPMENT_TEAM = 662XRALPM5;
				GENERATE_INFOPLIST_FILE = YES;
				LD_RUNPATH_SEARCH_PATHS = (
					"$(inherited)",
					"@executable_path/Frameworks",
					"@loader_path/Frameworks",
				);
				MARKETING_VERSION = 1.0;
				PRODUCT_BUNDLE_IDENTIFIER = com.dane.BankyUnitTests;
				PRODUCT_NAME = "$(TARGET_NAME)";
				SWIFT_EMIT_LOC_STRINGS = NO;
				SWIFT_OPTIMIZATION_LEVEL = "-Onone";
				SWIFT_VERSION = 5.0;
				TARGETED_DEVICE_FAMILY = "1,2";
				TEST_HOST = "$(BUILT_PRODUCTS_DIR)/Banky.app/Banky";
			};
			name = Debug;
		};
		03BCE3A22802759D003B164C /* Release */ = {
			isa = XCBuildConfiguration;
			buildSettings = {
				BUNDLE_LOADER = "$(TEST_HOST)";
				CLANG_ENABLE_MODULES = YES;
				CODE_SIGN_STYLE = Automatic;
				CURRENT_PROJECT_VERSION = 1;
				DEVELOPMENT_TEAM = 662XRALPM5;
				GENERATE_INFOPLIST_FILE = YES;
				LD_RUNPATH_SEARCH_PATHS = (
					"$(inherited)",
					"@executable_path/Frameworks",
					"@loader_path/Frameworks",
				);
				MARKETING_VERSION = 1.0;
				PRODUCT_BUNDLE_IDENTIFIER = com.dane.BankyUnitTests;
				PRODUCT_NAME = "$(TARGET_NAME)";
				SWIFT_EMIT_LOC_STRINGS = NO;
				SWIFT_VERSION = 5.0;
				TARGETED_DEVICE_FAMILY = "1,2";
				TEST_HOST = "$(BUILT_PRODUCTS_DIR)/Banky.app/Banky";
			};
			name = Release;
		};
/* End XCBuildConfiguration section */

/* Begin XCConfigurationList section */
		033CB17027FD7C9900B01E0D /* Build configuration list for PBXProject "Banky" */ = {
			isa = XCConfigurationList;
			buildConfigurations = (
				033CB18727FD7C9C00B01E0D /* Debug */,
				033CB18827FD7C9C00B01E0D /* Release */,
			);
			defaultConfigurationIsVisible = 0;
			defaultConfigurationName = Release;
		};
		033CB18927FD7C9C00B01E0D /* Build configuration list for PBXNativeTarget "Banky" */ = {
			isa = XCConfigurationList;
			buildConfigurations = (
				033CB18A27FD7C9C00B01E0D /* Debug */,
				033CB18B27FD7C9C00B01E0D /* Release */,
			);
			defaultConfigurationIsVisible = 0;
			defaultConfigurationName = Release;
		};
		03BCE3A02802759D003B164C /* Build configuration list for PBXNativeTarget "BankyUnitTests" */ = {
			isa = XCConfigurationList;
			buildConfigurations = (
				03BCE3A12802759D003B164C /* Debug */,
				03BCE3A22802759D003B164C /* Release */,
			);
			defaultConfigurationIsVisible = 0;
			defaultConfigurationName = Release;
		};
/* End XCConfigurationList section */
	};
	rootObject = 033CB16D27FD7C9900B01E0D /* Project object */;
}
